// !$*UTF8*$!
{
	archiveVersion = 1;
	classes = {
	};
	objectVersion = 55;
	objects = {

/* Begin PBXBuildFile section */
		0EFEF5D62848E18700F7ED47 /* AppDelegate.swift in Sources */ = {isa = PBXBuildFile; fileRef = 0EFEF5D52848E18700F7ED47 /* AppDelegate.swift */; };
		0EFEF5D82848E18700F7ED47 /* SceneDelegate.swift in Sources */ = {isa = PBXBuildFile; fileRef = 0EFEF5D72848E18700F7ED47 /* SceneDelegate.swift */; };
		0EFEF5DD2848E18700F7ED47 /* Main.storyboard in Resources */ = {isa = PBXBuildFile; fileRef = 0EFEF5DB2848E18700F7ED47 /* Main.storyboard */; };
		0EFEF5DF2848E18900F7ED47 /* Assets.xcassets in Resources */ = {isa = PBXBuildFile; fileRef = 0EFEF5DE2848E18900F7ED47 /* Assets.xcassets */; };
		0EFEF5E22848E18900F7ED47 /* LaunchScreen.storyboard in Resources */ = {isa = PBXBuildFile; fileRef = 0EFEF5E02848E18900F7ED47 /* LaunchScreen.storyboard */; };
		0EFEF7912848E1F600F7ED47 /* Laundry.swift in Sources */ = {isa = PBXBuildFile; fileRef = 0EFEF7902848E1F600F7ED47 /* Laundry.swift */; };
		0EFEF7982848E25000F7ED47 /* LaundryDetailViewController.swift in Sources */ = {isa = PBXBuildFile; fileRef = 0EFEF7932848E25000F7ED47 /* LaundryDetailViewController.swift */; };
		0EFEF7992848E25000F7ED47 /* HomeViewController.swift in Sources */ = {isa = PBXBuildFile; fileRef = 0EFEF7942848E25000F7ED47 /* HomeViewController.swift */; };
		0EFEF79A2848E25000F7ED47 /* BaseTableViewCell.swift in Sources */ = {isa = PBXBuildFile; fileRef = 0EFEF7962848E25000F7ED47 /* BaseTableViewCell.swift */; };
		0EFEF79B2848E25000F7ED47 /* LaundryCell.swift in Sources */ = {isa = PBXBuildFile; fileRef = 0EFEF7972848E25000F7ED47 /* LaundryCell.swift */; };
		0EFEF79E2848E26300F7ED47 /* UITableView+Reusable.swift in Sources */ = {isa = PBXBuildFile; fileRef = 0EFEF79D2848E26300F7ED47 /* UITableView+Reusable.swift */; };
		0EFEF7A12848FF2000F7ED47 /* MockData.swift in Sources */ = {isa = PBXBuildFile; fileRef = 0EFEF7A02848FF2000F7ED47 /* MockData.swift */; };
		0EFEF7A32849FCF800F7ED47 /* LaundryItemCell.swift in Sources */ = {isa = PBXBuildFile; fileRef = 0EFEF7A22849FCF800F7ED47 /* LaundryItemCell.swift */; };
		0EFEF7A6284CC56D00F7ED47 /* JustClean.xcdatamodeld in Sources */ = {isa = PBXBuildFile; fileRef = 0EFEF7A4284CC56D00F7ED47 /* JustClean.xcdatamodeld */; };
		0EFEF7D9284CF0BE00F7ED47 /* CoreDataManager.swift in Sources */ = {isa = PBXBuildFile; fileRef = 0EFEF7D4284CF0BE00F7ED47 /* CoreDataManager.swift */; };
		0EFEF7DA284CF0BE00F7ED47 /* CoreDataMigrationStep.swift in Sources */ = {isa = PBXBuildFile; fileRef = 0EFEF7D6284CF0BE00F7ED47 /* CoreDataMigrationStep.swift */; };
		0EFEF7DB284CF0BE00F7ED47 /* CoreDataMigrationVersion.swift in Sources */ = {isa = PBXBuildFile; fileRef = 0EFEF7D7284CF0BE00F7ED47 /* CoreDataMigrationVersion.swift */; };
		0EFEF7DC284CF0BE00F7ED47 /* CoreDataMigrator.swift in Sources */ = {isa = PBXBuildFile; fileRef = 0EFEF7D8284CF0BE00F7ED47 /* CoreDataMigrator.swift */; };
		0EFEF7E7284CF0F200F7ED47 /* FileManager+ApplicationSupport.swift in Sources */ = {isa = PBXBuildFile; fileRef = 0EFEF7DE284CF0F200F7ED47 /* FileManager+ApplicationSupport.swift */; };
		0EFEF7E8284CF0F200F7ED47 /* NSManagedObjectModel+Resource.swift in Sources */ = {isa = PBXBuildFile; fileRef = 0EFEF7E0284CF0F200F7ED47 /* NSManagedObjectModel+Resource.swift */; };
		0EFEF7E9284CF0F200F7ED47 /* NSManagedObjectModel+Compatible.swift in Sources */ = {isa = PBXBuildFile; fileRef = 0EFEF7E1284CF0F200F7ED47 /* NSManagedObjectModel+Compatible.swift */; };
		0EFEF7EA284CF0F200F7ED47 /* UIColor+Hex.swift in Sources */ = {isa = PBXBuildFile; fileRef = 0EFEF7E3284CF0F200F7ED47 /* UIColor+Hex.swift */; };
		0EFEF7EB284CF0F200F7ED47 /* UIColor+Random.swift in Sources */ = {isa = PBXBuildFile; fileRef = 0EFEF7E4284CF0F200F7ED47 /* UIColor+Random.swift */; };
		0EFEF7EC284CF0F200F7ED47 /* NSPersistentStoreCoordinator+SQLite.swift in Sources */ = {isa = PBXBuildFile; fileRef = 0EFEF7E6284CF0F200F7ED47 /* NSPersistentStoreCoordinator+SQLite.swift */; };
		0EFEF7F2284DD61000F7ED47 /* HTTPStatusCode.swift in Sources */ = {isa = PBXBuildFile; fileRef = 0EFEF7F0284DD61000F7ED47 /* HTTPStatusCode.swift */; };
		0EFEF7F3284DD61000F7ED47 /* HTTPClient.swift in Sources */ = {isa = PBXBuildFile; fileRef = 0EFEF7F1284DD61000F7ED47 /* HTTPClient.swift */; };
		0EFEF7F6284DD6D600F7ED47 /* RemoteReplicator.swift in Sources */ = {isa = PBXBuildFile; fileRef = 0EFEF7F5284DD6D600F7ED47 /* RemoteReplicator.swift */; };
		0EFEF7F8284DEB0800F7ED47 /* JSON.swift in Sources */ = {isa = PBXBuildFile; fileRef = 0EFEF7F7284DEB0800F7ED47 /* JSON.swift */; };
		0EFEF7FA284DF3D700F7ED47 /* Notification+Name.swift in Sources */ = {isa = PBXBuildFile; fileRef = 0EFEF7F9284DF3D700F7ED47 /* Notification+Name.swift */; };
		0EFEF7FC284E075900F7ED47 /* Utility.swift in Sources */ = {isa = PBXBuildFile; fileRef = 0EFEF7FB284E075900F7ED47 /* Utility.swift */; };
		0EFEF7FE284E1DB500F7ED47 /* V1toV2MappingModel.xcmappingmodel in Sources */ = {isa = PBXBuildFile; fileRef = 0EFEF7FD284E1DB500F7ED47 /* V1toV2MappingModel.xcmappingmodel */; };
		A19803F61935B70F14C67F84 /* Pods_JustClean.framework in Frameworks */ = {isa = PBXBuildFile; fileRef = 67C7B4D90736B13E3895E1B7 /* Pods_JustClean.framework */; };
/* End PBXBuildFile section */

/* Begin PBXFileReference section */
		0EFEF5D22848E18700F7ED47 /* JustClean.app */ = {isa = PBXFileReference; explicitFileType = wrapper.application; includeInIndex = 0; path = JustClean.app; sourceTree = BUILT_PRODUCTS_DIR; };
		0EFEF5D52848E18700F7ED47 /* AppDelegate.swift */ = {isa = PBXFileReference; lastKnownFileType = sourcecode.swift; path = AppDelegate.swift; sourceTree = "<group>"; };
		0EFEF5D72848E18700F7ED47 /* SceneDelegate.swift */ = {isa = PBXFileReference; lastKnownFileType = sourcecode.swift; path = SceneDelegate.swift; sourceTree = "<group>"; };
		0EFEF5DC2848E18700F7ED47 /* Base */ = {isa = PBXFileReference; lastKnownFileType = file.storyboard; name = Base; path = Base.lproj/Main.storyboard; sourceTree = "<group>"; };
		0EFEF5DE2848E18900F7ED47 /* Assets.xcassets */ = {isa = PBXFileReference; lastKnownFileType = folder.assetcatalog; path = Assets.xcassets; sourceTree = "<group>"; };
		0EFEF5E12848E18900F7ED47 /* Base */ = {isa = PBXFileReference; lastKnownFileType = file.storyboard; name = Base; path = Base.lproj/LaunchScreen.storyboard; sourceTree = "<group>"; };
		0EFEF5E32848E18900F7ED47 /* Info.plist */ = {isa = PBXFileReference; lastKnownFileType = text.plist.xml; path = Info.plist; sourceTree = "<group>"; };
		0EFEF7902848E1F600F7ED47 /* Laundry.swift */ = {isa = PBXFileReference; fileEncoding = 4; lastKnownFileType = sourcecode.swift; path = Laundry.swift; sourceTree = "<group>"; };
		0EFEF7932848E25000F7ED47 /* LaundryDetailViewController.swift */ = {isa = PBXFileReference; fileEncoding = 4; lastKnownFileType = sourcecode.swift; path = LaundryDetailViewController.swift; sourceTree = "<group>"; };
		0EFEF7942848E25000F7ED47 /* HomeViewController.swift */ = {isa = PBXFileReference; fileEncoding = 4; lastKnownFileType = sourcecode.swift; path = HomeViewController.swift; sourceTree = "<group>"; };
		0EFEF7962848E25000F7ED47 /* BaseTableViewCell.swift */ = {isa = PBXFileReference; fileEncoding = 4; lastKnownFileType = sourcecode.swift; path = BaseTableViewCell.swift; sourceTree = "<group>"; };
		0EFEF7972848E25000F7ED47 /* LaundryCell.swift */ = {isa = PBXFileReference; fileEncoding = 4; lastKnownFileType = sourcecode.swift; path = LaundryCell.swift; sourceTree = "<group>"; };
		0EFEF79D2848E26300F7ED47 /* UITableView+Reusable.swift */ = {isa = PBXFileReference; fileEncoding = 4; lastKnownFileType = sourcecode.swift; path = "UITableView+Reusable.swift"; sourceTree = "<group>"; };
		0EFEF7A02848FF2000F7ED47 /* MockData.swift */ = {isa = PBXFileReference; lastKnownFileType = sourcecode.swift; path = MockData.swift; sourceTree = "<group>"; };
		0EFEF7A22849FCF800F7ED47 /* LaundryItemCell.swift */ = {isa = PBXFileReference; lastKnownFileType = sourcecode.swift; path = LaundryItemCell.swift; sourceTree = "<group>"; };
		0EFEF7A5284CC56D00F7ED47 /* JustClean.xcdatamodel */ = {isa = PBXFileReference; lastKnownFileType = wrapper.xcdatamodel; path = JustClean.xcdatamodel; sourceTree = "<group>"; };
		0EFEF7A7284CC93500F7ED47 /* JustClean V2.xcdatamodel */ = {isa = PBXFileReference; lastKnownFileType = wrapper.xcdatamodel; path = "JustClean V2.xcdatamodel"; sourceTree = "<group>"; };
		0EFEF7D4284CF0BE00F7ED47 /* CoreDataManager.swift */ = {isa = PBXFileReference; fileEncoding = 4; lastKnownFileType = sourcecode.swift; path = CoreDataManager.swift; sourceTree = "<group>"; };
		0EFEF7D6284CF0BE00F7ED47 /* CoreDataMigrationStep.swift */ = {isa = PBXFileReference; fileEncoding = 4; lastKnownFileType = sourcecode.swift; path = CoreDataMigrationStep.swift; sourceTree = "<group>"; };
		0EFEF7D7284CF0BE00F7ED47 /* CoreDataMigrationVersion.swift */ = {isa = PBXFileReference; fileEncoding = 4; lastKnownFileType = sourcecode.swift; path = CoreDataMigrationVersion.swift; sourceTree = "<group>"; };
		0EFEF7D8284CF0BE00F7ED47 /* CoreDataMigrator.swift */ = {isa = PBXFileReference; fileEncoding = 4; lastKnownFileType = sourcecode.swift; path = CoreDataMigrator.swift; sourceTree = "<group>"; };
		0EFEF7DE284CF0F200F7ED47 /* FileManager+ApplicationSupport.swift */ = {isa = PBXFileReference; fileEncoding = 4; lastKnownFileType = sourcecode.swift; path = "FileManager+ApplicationSupport.swift"; sourceTree = "<group>"; };
		0EFEF7E0284CF0F200F7ED47 /* NSManagedObjectModel+Resource.swift */ = {isa = PBXFileReference; fileEncoding = 4; lastKnownFileType = sourcecode.swift; path = "NSManagedObjectModel+Resource.swift"; sourceTree = "<group>"; };
		0EFEF7E1284CF0F200F7ED47 /* NSManagedObjectModel+Compatible.swift */ = {isa = PBXFileReference; fileEncoding = 4; lastKnownFileType = sourcecode.swift; path = "NSManagedObjectModel+Compatible.swift"; sourceTree = "<group>"; };
		0EFEF7E3284CF0F200F7ED47 /* UIColor+Hex.swift */ = {isa = PBXFileReference; fileEncoding = 4; lastKnownFileType = sourcecode.swift; path = "UIColor+Hex.swift"; sourceTree = "<group>"; };
		0EFEF7E4284CF0F200F7ED47 /* UIColor+Random.swift */ = {isa = PBXFileReference; fileEncoding = 4; lastKnownFileType = sourcecode.swift; path = "UIColor+Random.swift"; sourceTree = "<group>"; };
		0EFEF7E6284CF0F200F7ED47 /* NSPersistentStoreCoordinator+SQLite.swift */ = {isa = PBXFileReference; fileEncoding = 4; lastKnownFileType = sourcecode.swift; path = "NSPersistentStoreCoordinator+SQLite.swift"; sourceTree = "<group>"; };
		0EFEF7F0284DD61000F7ED47 /* HTTPStatusCode.swift */ = {isa = PBXFileReference; fileEncoding = 4; lastKnownFileType = sourcecode.swift; path = HTTPStatusCode.swift; sourceTree = "<group>"; };
		0EFEF7F1284DD61000F7ED47 /* HTTPClient.swift */ = {isa = PBXFileReference; fileEncoding = 4; lastKnownFileType = sourcecode.swift; path = HTTPClient.swift; sourceTree = "<group>"; };
		0EFEF7F5284DD6D600F7ED47 /* RemoteReplicator.swift */ = {isa = PBXFileReference; fileEncoding = 4; lastKnownFileType = sourcecode.swift; path = RemoteReplicator.swift; sourceTree = "<group>"; };
		0EFEF7F7284DEB0800F7ED47 /* JSON.swift */ = {isa = PBXFileReference; lastKnownFileType = sourcecode.swift; path = JSON.swift; sourceTree = "<group>"; };
		0EFEF7F9284DF3D700F7ED47 /* Notification+Name.swift */ = {isa = PBXFileReference; lastKnownFileType = sourcecode.swift; path = "Notification+Name.swift"; sourceTree = "<group>"; };
		0EFEF7FB284E075900F7ED47 /* Utility.swift */ = {isa = PBXFileReference; lastKnownFileType = sourcecode.swift; path = Utility.swift; sourceTree = "<group>"; };
		0EFEF7FD284E1DB500F7ED47 /* V1toV2MappingModel.xcmappingmodel */ = {isa = PBXFileReference; lastKnownFileType = wrapper.xcmappingmodel; path = V1toV2MappingModel.xcmappingmodel; sourceTree = "<group>"; };
		67C7B4D90736B13E3895E1B7 /* Pods_JustClean.framework */ = {isa = PBXFileReference; explicitFileType = wrapper.framework; includeInIndex = 0; path = Pods_JustClean.framework; sourceTree = BUILT_PRODUCTS_DIR; };
		B6ECDD54A8EA2D5960B3C6FD /* Pods-JustClean.debug.xcconfig */ = {isa = PBXFileReference; includeInIndex = 1; lastKnownFileType = text.xcconfig; name = "Pods-JustClean.debug.xcconfig"; path = "Target Support Files/Pods-JustClean/Pods-JustClean.debug.xcconfig"; sourceTree = "<group>"; };
		C0F5A81B4499B9EDCDC6CA1E /* Pods-JustClean.release.xcconfig */ = {isa = PBXFileReference; includeInIndex = 1; lastKnownFileType = text.xcconfig; name = "Pods-JustClean.release.xcconfig"; path = "Target Support Files/Pods-JustClean/Pods-JustClean.release.xcconfig"; sourceTree = "<group>"; };
/* End PBXFileReference section */

/* Begin PBXFrameworksBuildPhase section */
		0EFEF5CF2848E18700F7ED47 /* Frameworks */ = {
			isa = PBXFrameworksBuildPhase;
			buildActionMask = 2147483647;
			files = (
				A19803F61935B70F14C67F84 /* Pods_JustClean.framework in Frameworks */,
			);
			runOnlyForDeploymentPostprocessing = 0;
		};
/* End PBXFrameworksBuildPhase section */

/* Begin PBXGroup section */
		0EFEF5C92848E18700F7ED47 = {
			isa = PBXGroup;
			children = (
				0EFEF5D42848E18700F7ED47 /* JustClean */,
				0EFEF5D32848E18700F7ED47 /* Products */,
				0F9587681AD211EAFEB0DCC3 /* Pods */,
				5856F9627ECB8ABC0F9AB99B /* Frameworks */,
			);
			sourceTree = "<group>";
		};
		0EFEF5D32848E18700F7ED47 /* Products */ = {
			isa = PBXGroup;
			children = (
				0EFEF5D22848E18700F7ED47 /* JustClean.app */,
			);
			name = Products;
			sourceTree = "<group>";
		};
		0EFEF5D42848E18700F7ED47 /* JustClean */ = {
			isa = PBXGroup;
			children = (
				0EFEF7F4284DD6C600F7ED47 /* Replicator */,
				0EFEF7EF284DD60200F7ED47 /* Http */,
				0EFEF7D3284CF0BE00F7ED47 /* CoreData */,
				0EFEF79F2848FF0C00F7ED47 /* Utility */,
				0EFEF79C2848E26300F7ED47 /* Extension */,
				0EFEF7952848E25000F7ED47 /* View */,
				0EFEF7922848E25000F7ED47 /* ViewController */,
				0EFEF78F2848E1F600F7ED47 /* Model */,
				0EFEF5D52848E18700F7ED47 /* AppDelegate.swift */,
				0EFEF5D72848E18700F7ED47 /* SceneDelegate.swift */,
				0EFEF5DB2848E18700F7ED47 /* Main.storyboard */,
				0EFEF5DE2848E18900F7ED47 /* Assets.xcassets */,
				0EFEF5E02848E18900F7ED47 /* LaunchScreen.storyboard */,
				0EFEF5E32848E18900F7ED47 /* Info.plist */,
			);
			path = JustClean;
			sourceTree = "<group>";
		};
		0EFEF78F2848E1F600F7ED47 /* Model */ = {
			isa = PBXGroup;
			children = (
				0EFEF7902848E1F600F7ED47 /* Laundry.swift */,
				0EFEF7A4284CC56D00F7ED47 /* JustClean.xcdatamodeld */,
				0EFEF7FD284E1DB500F7ED47 /* V1toV2MappingModel.xcmappingmodel */,
			);
			path = Model;
			sourceTree = "<group>";
		};
		0EFEF7922848E25000F7ED47 /* ViewController */ = {
			isa = PBXGroup;
			children = (
				0EFEF7932848E25000F7ED47 /* LaundryDetailViewController.swift */,
				0EFEF7942848E25000F7ED47 /* HomeViewController.swift */,
			);
			path = ViewController;
			sourceTree = "<group>";
		};
		0EFEF7952848E25000F7ED47 /* View */ = {
			isa = PBXGroup;
			children = (
				0EFEF7962848E25000F7ED47 /* BaseTableViewCell.swift */,
				0EFEF7972848E25000F7ED47 /* LaundryCell.swift */,
				0EFEF7A22849FCF800F7ED47 /* LaundryItemCell.swift */,
			);
			path = View;
			sourceTree = "<group>";
		};
		0EFEF79C2848E26300F7ED47 /* Extension */ = {
			isa = PBXGroup;
			children = (
				0EFEF7DD284CF0F200F7ED47 /* FileManager */,
				0EFEF7DF284CF0F200F7ED47 /* NSManagedObjectModel */,
				0EFEF7E5284CF0F200F7ED47 /* NSPersistentStoreCoordinator */,
				0EFEF7E2284CF0F200F7ED47 /* UIColor */,
				0EFEF79D2848E26300F7ED47 /* UITableView+Reusable.swift */,
				0EFEF7F9284DF3D700F7ED47 /* Notification+Name.swift */,
			);
			path = Extension;
			sourceTree = "<group>";
		};
		0EFEF79F2848FF0C00F7ED47 /* Utility */ = {
			isa = PBXGroup;
			children = (
				0EFEF7A02848FF2000F7ED47 /* MockData.swift */,
				0EFEF7FB284E075900F7ED47 /* Utility.swift */,
			);
			path = Utility;
			sourceTree = "<group>";
		};
		0EFEF7D3284CF0BE00F7ED47 /* CoreData */ = {
			isa = PBXGroup;
			children = (
				0EFEF7D4284CF0BE00F7ED47 /* CoreDataManager.swift */,
				0EFEF7D5284CF0BE00F7ED47 /* Migration */,
			);
			path = CoreData;
			sourceTree = "<group>";
		};
		0EFEF7D5284CF0BE00F7ED47 /* Migration */ = {
			isa = PBXGroup;
			children = (
				0EFEF7D6284CF0BE00F7ED47 /* CoreDataMigrationStep.swift */,
				0EFEF7D7284CF0BE00F7ED47 /* CoreDataMigrationVersion.swift */,
				0EFEF7D8284CF0BE00F7ED47 /* CoreDataMigrator.swift */,
			);
			path = Migration;
			sourceTree = "<group>";
		};
		0EFEF7DD284CF0F200F7ED47 /* FileManager */ = {
			isa = PBXGroup;
			children = (
				0EFEF7DE284CF0F200F7ED47 /* FileManager+ApplicationSupport.swift */,
			);
			path = FileManager;
			sourceTree = "<group>";
		};
		0EFEF7DF284CF0F200F7ED47 /* NSManagedObjectModel */ = {
			isa = PBXGroup;
			children = (
				0EFEF7E0284CF0F200F7ED47 /* NSManagedObjectModel+Resource.swift */,
				0EFEF7E1284CF0F200F7ED47 /* NSManagedObjectModel+Compatible.swift */,
			);
			path = NSManagedObjectModel;
			sourceTree = "<group>";
		};
		0EFEF7E2284CF0F200F7ED47 /* UIColor */ = {
			isa = PBXGroup;
			children = (
				0EFEF7E3284CF0F200F7ED47 /* UIColor+Hex.swift */,
				0EFEF7E4284CF0F200F7ED47 /* UIColor+Random.swift */,
			);
			path = UIColor;
			sourceTree = "<group>";
		};
		0EFEF7E5284CF0F200F7ED47 /* NSPersistentStoreCoordinator */ = {
			isa = PBXGroup;
			children = (
				0EFEF7E6284CF0F200F7ED47 /* NSPersistentStoreCoordinator+SQLite.swift */,
			);
			path = NSPersistentStoreCoordinator;
			sourceTree = "<group>";
		};
		0EFEF7EF284DD60200F7ED47 /* Http */ = {
			isa = PBXGroup;
			children = (
				0EFEF7F1284DD61000F7ED47 /* HTTPClient.swift */,
				0EFEF7F0284DD61000F7ED47 /* HTTPStatusCode.swift */,
				0EFEF7F7284DEB0800F7ED47 /* JSON.swift */,
			);
			path = Http;
			sourceTree = "<group>";
		};
		0EFEF7F4284DD6C600F7ED47 /* Replicator */ = {
			isa = PBXGroup;
			children = (
				0EFEF7F5284DD6D600F7ED47 /* RemoteReplicator.swift */,
			);
			path = Replicator;
			sourceTree = "<group>";
		};
		0F9587681AD211EAFEB0DCC3 /* Pods */ = {
			isa = PBXGroup;
			children = (
				B6ECDD54A8EA2D5960B3C6FD /* Pods-JustClean.debug.xcconfig */,
				C0F5A81B4499B9EDCDC6CA1E /* Pods-JustClean.release.xcconfig */,
			);
			path = Pods;
			sourceTree = "<group>";
		};
		5856F9627ECB8ABC0F9AB99B /* Frameworks */ = {
			isa = PBXGroup;
			children = (
				67C7B4D90736B13E3895E1B7 /* Pods_JustClean.framework */,
			);
			name = Frameworks;
			sourceTree = "<group>";
		};
/* End PBXGroup section */

/* Begin PBXNativeTarget section */
		0EFEF5D12848E18700F7ED47 /* JustClean */ = {
			isa = PBXNativeTarget;
			buildConfigurationList = 0EFEF5E62848E18900F7ED47 /* Build configuration list for PBXNativeTarget "JustClean" */;
			buildPhases = (
				D1B28DFC19C4C1D5C416405A /* [CP] Check Pods Manifest.lock */,
				0EFEF5CE2848E18700F7ED47 /* Sources */,
				0EFEF5CF2848E18700F7ED47 /* Frameworks */,
				0EFEF5D02848E18700F7ED47 /* Resources */,
				CAA13D7A8D6FBA5F2E147DA9 /* [CP] Embed Pods Frameworks */,
			);
			buildRules = (
			);
			dependencies = (
			);
			name = JustClean;
			productName = JustClean;
			productReference = 0EFEF5D22848E18700F7ED47 /* JustClean.app */;
			productType = "com.apple.product-type.application";
		};
/* End PBXNativeTarget section */

/* Begin PBXProject section */
		0EFEF5CA2848E18700F7ED47 /* Project object */ = {
			isa = PBXProject;
			attributes = {
				BuildIndependentTargetsInParallel = 1;
				LastSwiftUpdateCheck = 1330;
				LastUpgradeCheck = 1330;
				TargetAttributes = {
					0EFEF5D12848E18700F7ED47 = {
						CreatedOnToolsVersion = 13.3.1;
					};
				};
			};
			buildConfigurationList = 0EFEF5CD2848E18700F7ED47 /* Build configuration list for PBXProject "JustClean" */;
			compatibilityVersion = "Xcode 13.0";
			developmentRegion = en;
			hasScannedForEncodings = 0;
			knownRegions = (
				en,
				Base,
			);
			mainGroup = 0EFEF5C92848E18700F7ED47;
			productRefGroup = 0EFEF5D32848E18700F7ED47 /* Products */;
			projectDirPath = "";
			projectRoot = "";
			targets = (
				0EFEF5D12848E18700F7ED47 /* JustClean */,
			);
		};
/* End PBXProject section */

/* Begin PBXResourcesBuildPhase section */
		0EFEF5D02848E18700F7ED47 /* Resources */ = {
			isa = PBXResourcesBuildPhase;
			buildActionMask = 2147483647;
			files = (
				0EFEF5E22848E18900F7ED47 /* LaunchScreen.storyboard in Resources */,
				0EFEF5DF2848E18900F7ED47 /* Assets.xcassets in Resources */,
				0EFEF5DD2848E18700F7ED47 /* Main.storyboard in Resources */,
			);
			runOnlyForDeploymentPostprocessing = 0;
		};
/* End PBXResourcesBuildPhase section */

/* Begin PBXShellScriptBuildPhase section */
		CAA13D7A8D6FBA5F2E147DA9 /* [CP] Embed Pods Frameworks */ = {
			isa = PBXShellScriptBuildPhase;
			buildActionMask = 2147483647;
			files = (
			);
			inputFileListPaths = (
				"${PODS_ROOT}/Target Support Files/Pods-JustClean/Pods-JustClean-frameworks-${CONFIGURATION}-input-files.xcfilelist",
			);
			name = "[CP] Embed Pods Frameworks";
			outputFileListPaths = (
				"${PODS_ROOT}/Target Support Files/Pods-JustClean/Pods-JustClean-frameworks-${CONFIGURATION}-output-files.xcfilelist",
			);
			runOnlyForDeploymentPostprocessing = 0;
			shellPath = /bin/sh;
			shellScript = "\"${PODS_ROOT}/Target Support Files/Pods-JustClean/Pods-JustClean-frameworks.sh\"\n";
			showEnvVarsInLog = 0;
		};
		D1B28DFC19C4C1D5C416405A /* [CP] Check Pods Manifest.lock */ = {
			isa = PBXShellScriptBuildPhase;
			buildActionMask = 2147483647;
			files = (
			);
			inputFileListPaths = (
			);
			inputPaths = (
				"${PODS_PODFILE_DIR_PATH}/Podfile.lock",
				"${PODS_ROOT}/Manifest.lock",
			);
			name = "[CP] Check Pods Manifest.lock";
			outputFileListPaths = (
			);
			outputPaths = (
				"$(DERIVED_FILE_DIR)/Pods-JustClean-checkManifestLockResult.txt",
			);
			runOnlyForDeploymentPostprocessing = 0;
			shellPath = /bin/sh;
			shellScript = "diff \"${PODS_PODFILE_DIR_PATH}/Podfile.lock\" \"${PODS_ROOT}/Manifest.lock\" > /dev/null\nif [ $? != 0 ] ; then\n    # print error to STDERR\n    echo \"error: The sandbox is not in sync with the Podfile.lock. Run 'pod install' or update your CocoaPods installation.\" >&2\n    exit 1\nfi\n# This output is used by Xcode 'outputs' to avoid re-running this script phase.\necho \"SUCCESS\" > \"${SCRIPT_OUTPUT_FILE_0}\"\n";
			showEnvVarsInLog = 0;
		};
/* End PBXShellScriptBuildPhase section */

/* Begin PBXSourcesBuildPhase section */
		0EFEF5CE2848E18700F7ED47 /* Sources */ = {
			isa = PBXSourcesBuildPhase;
			buildActionMask = 2147483647;
			files = (
				0EFEF7FC284E075900F7ED47 /* Utility.swift in Sources */,
				0EFEF7EB284CF0F200F7ED47 /* UIColor+Random.swift in Sources */,
				0EFEF7F8284DEB0800F7ED47 /* JSON.swift in Sources */,
				0EFEF79A2848E25000F7ED47 /* BaseTableViewCell.swift in Sources */,
				0EFEF7F3284DD61000F7ED47 /* HTTPClient.swift in Sources */,
				0EFEF5D62848E18700F7ED47 /* AppDelegate.swift in Sources */,
				0EFEF7DC284CF0BE00F7ED47 /* CoreDataMigrator.swift in Sources */,
				0EFEF7FA284DF3D700F7ED47 /* Notification+Name.swift in Sources */,
				0EFEF79E2848E26300F7ED47 /* UITableView+Reusable.swift in Sources */,
				0EFEF7982848E25000F7ED47 /* LaundryDetailViewController.swift in Sources */,
				0EFEF79B2848E25000F7ED47 /* LaundryCell.swift in Sources */,
				0EFEF7EC284CF0F200F7ED47 /* NSPersistentStoreCoordinator+SQLite.swift in Sources */,
				0EFEF7E7284CF0F200F7ED47 /* FileManager+ApplicationSupport.swift in Sources */,
				0EFEF7DA284CF0BE00F7ED47 /* CoreDataMigrationStep.swift in Sources */,
				0EFEF7DB284CF0BE00F7ED47 /* CoreDataMigrationVersion.swift in Sources */,
				0EFEF7F6284DD6D600F7ED47 /* RemoteReplicator.swift in Sources */,
				0EFEF7992848E25000F7ED47 /* HomeViewController.swift in Sources */,
				0EFEF7D9284CF0BE00F7ED47 /* CoreDataManager.swift in Sources */,
				0EFEF7A32849FCF800F7ED47 /* LaundryItemCell.swift in Sources */,
				0EFEF7912848E1F600F7ED47 /* Laundry.swift in Sources */,
				0EFEF7E9284CF0F200F7ED47 /* NSManagedObjectModel+Compatible.swift in Sources */,
				0EFEF7EA284CF0F200F7ED47 /* UIColor+Hex.swift in Sources */,
				0EFEF7FE284E1DB500F7ED47 /* V1toV2MappingModel.xcmappingmodel in Sources */,
				0EFEF7F2284DD61000F7ED47 /* HTTPStatusCode.swift in Sources */,
				0EFEF7A12848FF2000F7ED47 /* MockData.swift in Sources */,
				0EFEF7A6284CC56D00F7ED47 /* JustClean.xcdatamodeld in Sources */,
				0EFEF7E8284CF0F200F7ED47 /* NSManagedObjectModel+Resource.swift in Sources */,
				0EFEF5D82848E18700F7ED47 /* SceneDelegate.swift in Sources */,
			);
			runOnlyForDeploymentPostprocessing = 0;
		};
/* End PBXSourcesBuildPhase section */

/* Begin PBXVariantGroup section */
		0EFEF5DB2848E18700F7ED47 /* Main.storyboard */ = {
			isa = PBXVariantGroup;
			children = (
				0EFEF5DC2848E18700F7ED47 /* Base */,
			);
			name = Main.storyboard;
			sourceTree = "<group>";
		};
		0EFEF5E02848E18900F7ED47 /* LaunchScreen.storyboard */ = {
			isa = PBXVariantGroup;
			children = (
				0EFEF5E12848E18900F7ED47 /* Base */,
			);
			name = LaunchScreen.storyboard;
			sourceTree = "<group>";
		};
/* End PBXVariantGroup section */

/* Begin XCBuildConfiguration section */
		0EFEF5E42848E18900F7ED47 /* Debug */ = {
			isa = XCBuildConfiguration;
			buildSettings = {
				ALWAYS_SEARCH_USER_PATHS = NO;
				CLANG_ANALYZER_NONNULL = YES;
				CLANG_ANALYZER_NUMBER_OBJECT_CONVERSION = YES_AGGRESSIVE;
				CLANG_CXX_LANGUAGE_STANDARD = "gnu++17";
				CLANG_ENABLE_MODULES = YES;
				CLANG_ENABLE_OBJC_ARC = YES;
				CLANG_ENABLE_OBJC_WEAK = YES;
				CLANG_WARN_BLOCK_CAPTURE_AUTORELEASING = YES;
				CLANG_WARN_BOOL_CONVERSION = YES;
				CLANG_WARN_COMMA = YES;
				CLANG_WARN_CONSTANT_CONVERSION = YES;
				CLANG_WARN_DEPRECATED_OBJC_IMPLEMENTATIONS = YES;
				CLANG_WARN_DIRECT_OBJC_ISA_USAGE = YES_ERROR;
				CLANG_WARN_DOCUMENTATION_COMMENTS = YES;
				CLANG_WARN_EMPTY_BODY = YES;
				CLANG_WARN_ENUM_CONVERSION = YES;
				CLANG_WARN_INFINITE_RECURSION = YES;
				CLANG_WARN_INT_CONVERSION = YES;
				CLANG_WARN_NON_LITERAL_NULL_CONVERSION = YES;
				CLANG_WARN_OBJC_IMPLICIT_RETAIN_SELF = YES;
				CLANG_WARN_OBJC_LITERAL_CONVERSION = YES;
				CLANG_WARN_OBJC_ROOT_CLASS = YES_ERROR;
				CLANG_WARN_QUOTED_INCLUDE_IN_FRAMEWORK_HEADER = YES;
				CLANG_WARN_RANGE_LOOP_ANALYSIS = YES;
				CLANG_WARN_STRICT_PROTOTYPES = YES;
				CLANG_WARN_SUSPICIOUS_MOVE = YES;
				CLANG_WARN_UNGUARDED_AVAILABILITY = YES_AGGRESSIVE;
				CLANG_WARN_UNREACHABLE_CODE = YES;
				CLANG_WARN__DUPLICATE_METHOD_MATCH = YES;
				COPY_PHASE_STRIP = NO;
				DEBUG_INFORMATION_FORMAT = dwarf;
				ENABLE_STRICT_OBJC_MSGSEND = YES;
				ENABLE_TESTABILITY = YES;
				GCC_C_LANGUAGE_STANDARD = gnu11;
				GCC_DYNAMIC_NO_PIC = NO;
				GCC_NO_COMMON_BLOCKS = YES;
				GCC_OPTIMIZATION_LEVEL = 0;
				GCC_PREPROCESSOR_DEFINITIONS = (
					"DEBUG=1",
					"$(inherited)",
				);
				GCC_WARN_64_TO_32_BIT_CONVERSION = YES;
				GCC_WARN_ABOUT_RETURN_TYPE = YES_ERROR;
				GCC_WARN_UNDECLARED_SELECTOR = YES;
				GCC_WARN_UNINITIALIZED_AUTOS = YES_AGGRESSIVE;
				GCC_WARN_UNUSED_FUNCTION = YES;
				GCC_WARN_UNUSED_VARIABLE = YES;
				IPHONEOS_DEPLOYMENT_TARGET = 15.4;
				MTL_ENABLE_DEBUG_INFO = INCLUDE_SOURCE;
				MTL_FAST_MATH = YES;
				ONLY_ACTIVE_ARCH = YES;
				SDKROOT = iphoneos;
				SWIFT_ACTIVE_COMPILATION_CONDITIONS = DEBUG;
				SWIFT_OPTIMIZATION_LEVEL = "-Onone";
			};
			name = Debug;
		};
		0EFEF5E52848E18900F7ED47 /* Release */ = {
			isa = XCBuildConfiguration;
			buildSettings = {
				ALWAYS_SEARCH_USER_PATHS = NO;
				CLANG_ANALYZER_NONNULL = YES;
				CLANG_ANALYZER_NUMBER_OBJECT_CONVERSION = YES_AGGRESSIVE;
				CLANG_CXX_LANGUAGE_STANDARD = "gnu++17";
				CLANG_ENABLE_MODULES = YES;
				CLANG_ENABLE_OBJC_ARC = YES;
				CLANG_ENABLE_OBJC_WEAK = YES;
				CLANG_WARN_BLOCK_CAPTURE_AUTORELEASING = YES;
				CLANG_WARN_BOOL_CONVERSION = YES;
				CLANG_WARN_COMMA = YES;
				CLANG_WARN_CONSTANT_CONVERSION = YES;
				CLANG_WARN_DEPRECATED_OBJC_IMPLEMENTATIONS = YES;
				CLANG_WARN_DIRECT_OBJC_ISA_USAGE = YES_ERROR;
				CLANG_WARN_DOCUMENTATION_COMMENTS = YES;
				CLANG_WARN_EMPTY_BODY = YES;
				CLANG_WARN_ENUM_CONVERSION = YES;
				CLANG_WARN_INFINITE_RECURSION = YES;
				CLANG_WARN_INT_CONVERSION = YES;
				CLANG_WARN_NON_LITERAL_NULL_CONVERSION = YES;
				CLANG_WARN_OBJC_IMPLICIT_RETAIN_SELF = YES;
				CLANG_WARN_OBJC_LITERAL_CONVERSION = YES;
				CLANG_WARN_OBJC_ROOT_CLASS = YES_ERROR;
				CLANG_WARN_QUOTED_INCLUDE_IN_FRAMEWORK_HEADER = YES;
				CLANG_WARN_RANGE_LOOP_ANALYSIS = YES;
				CLANG_WARN_STRICT_PROTOTYPES = YES;
				CLANG_WARN_SUSPICIOUS_MOVE = YES;
				CLANG_WARN_UNGUARDED_AVAILABILITY = YES_AGGRESSIVE;
				CLANG_WARN_UNREACHABLE_CODE = YES;
				CLANG_WARN__DUPLICATE_METHOD_MATCH = YES;
				COPY_PHASE_STRIP = NO;
				DEBUG_INFORMATION_FORMAT = "dwarf-with-dsym";
				ENABLE_NS_ASSERTIONS = NO;
				ENABLE_STRICT_OBJC_MSGSEND = YES;
				GCC_C_LANGUAGE_STANDARD = gnu11;
				GCC_NO_COMMON_BLOCKS = YES;
				GCC_WARN_64_TO_32_BIT_CONVERSION = YES;
				GCC_WARN_ABOUT_RETURN_TYPE = YES_ERROR;
				GCC_WARN_UNDECLARED_SELECTOR = YES;
				GCC_WARN_UNINITIALIZED_AUTOS = YES_AGGRESSIVE;
				GCC_WARN_UNUSED_FUNCTION = YES;
				GCC_WARN_UNUSED_VARIABLE = YES;
				IPHONEOS_DEPLOYMENT_TARGET = 15.4;
				MTL_ENABLE_DEBUG_INFO = NO;
				MTL_FAST_MATH = YES;
				SDKROOT = iphoneos;
				SWIFT_COMPILATION_MODE = wholemodule;
				SWIFT_OPTIMIZATION_LEVEL = "-O";
				VALIDATE_PRODUCT = YES;
			};
			name = Release;
		};
		0EFEF5E72848E18900F7ED47 /* Debug */ = {
			isa = XCBuildConfiguration;
			baseConfigurationReference = B6ECDD54A8EA2D5960B3C6FD /* Pods-JustClean.debug.xcconfig */;
			buildSettings = {
				ASSETCATALOG_COMPILER_APPICON_NAME = AppIcon;
				ASSETCATALOG_COMPILER_GLOBAL_ACCENT_COLOR_NAME = AccentColor;
				CODE_SIGN_STYLE = Automatic;
				CURRENT_PROJECT_VERSION = 1;
				DEVELOPMENT_TEAM = P948MCUQ2Y;
				GENERATE_INFOPLIST_FILE = YES;
				INFOPLIST_FILE = JustClean/Info.plist;
				INFOPLIST_KEY_UIApplicationSupportsIndirectInputEvents = YES;
				INFOPLIST_KEY_UILaunchStoryboardName = LaunchScreen;
				INFOPLIST_KEY_UIMainStoryboardFile = Main;
				INFOPLIST_KEY_UISupportedInterfaceOrientations_iPad = "UIInterfaceOrientationPortrait UIInterfaceOrientationPortraitUpsideDown UIInterfaceOrientationLandscapeLeft UIInterfaceOrientationLandscapeRight";
				INFOPLIST_KEY_UISupportedInterfaceOrientations_iPhone = "UIInterfaceOrientationPortrait UIInterfaceOrientationLandscapeLeft UIInterfaceOrientationLandscapeRight";
				LD_RUNPATH_SEARCH_PATHS = (
					"$(inherited)",
					"@executable_path/Frameworks",
				);
				MARKETING_VERSION = 1.0;
				PRODUCT_BUNDLE_IDENTIFIER = com.just.clean.demo1.JustClean;
				PRODUCT_NAME = "$(TARGET_NAME)";
				SWIFT_EMIT_LOC_STRINGS = YES;
				SWIFT_VERSION = 5.0;
				TARGETED_DEVICE_FAMILY = "1,2";
			};
			name = Debug;
		};
		0EFEF5E82848E18900F7ED47 /* Release */ = {
			isa = XCBuildConfiguration;
			baseConfigurationReference = C0F5A81B4499B9EDCDC6CA1E /* Pods-JustClean.release.xcconfig */;
			buildSettings = {
				ASSETCATALOG_COMPILER_APPICON_NAME = AppIcon;
				ASSETCATALOG_COMPILER_GLOBAL_ACCENT_COLOR_NAME = AccentColor;
				CODE_SIGN_STYLE = Automatic;
				CURRENT_PROJECT_VERSION = 1;
				DEVELOPMENT_TEAM = P948MCUQ2Y;
				GENERATE_INFOPLIST_FILE = YES;
				INFOPLIST_FILE = JustClean/Info.plist;
				INFOPLIST_KEY_UIApplicationSupportsIndirectInputEvents = YES;
				INFOPLIST_KEY_UILaunchStoryboardName = LaunchScreen;
				INFOPLIST_KEY_UIMainStoryboardFile = Main;
				INFOPLIST_KEY_UISupportedInterfaceOrientations_iPad = "UIInterfaceOrientationPortrait UIInterfaceOrientationPortraitUpsideDown UIInterfaceOrientationLandscapeLeft UIInterfaceOrientationLandscapeRight";
				INFOPLIST_KEY_UISupportedInterfaceOrientations_iPhone = "UIInterfaceOrientationPortrait UIInterfaceOrientationLandscapeLeft UIInterfaceOrientationLandscapeRight";
				LD_RUNPATH_SEARCH_PATHS = (
					"$(inherited)",
					"@executable_path/Frameworks",
				);
				MARKETING_VERSION = 1.0;
				PRODUCT_BUNDLE_IDENTIFIER = com.just.clean.demo1.JustClean;
				PRODUCT_NAME = "$(TARGET_NAME)";
				SWIFT_EMIT_LOC_STRINGS = YES;
				SWIFT_VERSION = 5.0;
				TARGETED_DEVICE_FAMILY = "1,2";
			};
			name = Release;
		};
/* End XCBuildConfiguration section */

/* Begin XCConfigurationList section */
		0EFEF5CD2848E18700F7ED47 /* Build configuration list for PBXProject "JustClean" */ = {
			isa = XCConfigurationList;
			buildConfigurations = (
				0EFEF5E42848E18900F7ED47 /* Debug */,
				0EFEF5E52848E18900F7ED47 /* Release */,
			);
			defaultConfigurationIsVisible = 0;
			defaultConfigurationName = Release;
		};
		0EFEF5E62848E18900F7ED47 /* Build configuration list for PBXNativeTarget "JustClean" */ = {
			isa = XCConfigurationList;
			buildConfigurations = (
				0EFEF5E72848E18900F7ED47 /* Debug */,
				0EFEF5E82848E18900F7ED47 /* Release */,
			);
			defaultConfigurationIsVisible = 0;
			defaultConfigurationName = Release;
		};
/* End XCConfigurationList section */

/* Begin XCVersionGroup section */
		0EFEF7A4284CC56D00F7ED47 /* JustClean.xcdatamodeld */ = {
			isa = XCVersionGroup;
			children = (
				0EFEF7A7284CC93500F7ED47 /* JustClean V2.xcdatamodel */,
				0EFEF7A5284CC56D00F7ED47 /* JustClean.xcdatamodel */,
			);
			currentVersion = 0EFEF7A7284CC93500F7ED47 /* JustClean V2.xcdatamodel */;
			path = JustClean.xcdatamodeld;
			sourceTree = "<group>";
			versionGroupType = wrapper.xcdatamodel;
		};
/* End XCVersionGroup section */
	};
	rootObject = 0EFEF5CA2848E18700F7ED47 /* Project object */;
}
